// !$*UTF8*$!
{
	archiveVersion = 1;
	classes = {
	};
	objectVersion = 46;
	objects = {

/* Begin PBXBuildFile section */
		AB11E1B91B0EF4A400006540 /* TweetCell.swift in Sources */ = {isa = PBXBuildFile; fileRef = AB11E1B81B0EF4A400006540 /* TweetCell.swift */; };
		AB2164581B114D4C00F19009 /* DetailViewController.swift in Sources */ = {isa = PBXBuildFile; fileRef = AB2164571B114D4C00F19009 /* DetailViewController.swift */; };
		AB21645A1B11516900F19009 /* Utils.swift in Sources */ = {isa = PBXBuildFile; fileRef = AB2164591B11516900F19009 /* Utils.swift */; };
		AB2164601B11B78D00F19009 /* secrets.plist in Resources */ = {isa = PBXBuildFile; fileRef = AB21645F1B11B78D00F19009 /* secrets.plist */; };
		AB24AA281B19977400C62889 /* ContainerViewController.swift in Sources */ = {isa = PBXBuildFile; fileRef = AB24AA271B19977400C62889 /* ContainerViewController.swift */; };
		AB55FCD01B1A9FFB0006A56B /* ProfileViewController.swift in Sources */ = {isa = PBXBuildFile; fileRef = AB55FCCF1B1A9FFB0006A56B /* ProfileViewController.swift */; };
		AB55FCD21B1AF2520006A56B /* MenuCell.swift in Sources */ = {isa = PBXBuildFile; fileRef = AB55FCD11B1AF2520006A56B /* MenuCell.swift */; };
		AB55FCD41B1AF8290006A56B /* MenuProfileCell.swift in Sources */ = {isa = PBXBuildFile; fileRef = AB55FCD31B1AF8290006A56B /* MenuProfileCell.swift */; };
		AB7127DC1B0FCD1A00D67B78 /* ComposeTweetViewController.swift in Sources */ = {isa = PBXBuildFile; fileRef = AB7127DB1B0FCD1A00D67B78 /* ComposeTweetViewController.swift */; };
		AB7EF54F1B0C451A00C6BA4E /* AppDelegate.swift in Sources */ = {isa = PBXBuildFile; fileRef = AB7EF54E1B0C451A00C6BA4E /* AppDelegate.swift */; };
		AB7EF5511B0C451A00C6BA4E /* ViewController.swift in Sources */ = {isa = PBXBuildFile; fileRef = AB7EF5501B0C451A00C6BA4E /* ViewController.swift */; };
		AB7EF5541B0C451A00C6BA4E /* Main.storyboard in Resources */ = {isa = PBXBuildFile; fileRef = AB7EF5521B0C451A00C6BA4E /* Main.storyboard */; };
		AB7EF5561B0C451A00C6BA4E /* Images.xcassets in Resources */ = {isa = PBXBuildFile; fileRef = AB7EF5551B0C451A00C6BA4E /* Images.xcassets */; };
		AB7EF5591B0C451A00C6BA4E /* LaunchScreen.xib in Resources */ = {isa = PBXBuildFile; fileRef = AB7EF5571B0C451A00C6BA4E /* LaunchScreen.xib */; };
		AB7EF5651B0C451A00C6BA4E /* OpenTwitterTests.swift in Sources */ = {isa = PBXBuildFile; fileRef = AB7EF5641B0C451A00C6BA4E /* OpenTwitterTests.swift */; };
		AB7EF5721B0C483700C6BA4E /* Alamofire.framework in Frameworks */ = {isa = PBXBuildFile; fileRef = AB7EF5701B0C483700C6BA4E /* Alamofire.framework */; };
		AB7EF5731B0C483700C6BA4E /* OAuthSwift.framework in Frameworks */ = {isa = PBXBuildFile; fileRef = AB7EF5711B0C483700C6BA4E /* OAuthSwift.framework */; };
		AB7EF5771B0C48E800C6BA4E /* TwitterClient.swift in Sources */ = {isa = PBXBuildFile; fileRef = AB7EF5761B0C48E800C6BA4E /* TwitterClient.swift */; };
		AB7EF57A1B0C564900C6BA4E /* Account.swift in Sources */ = {isa = PBXBuildFile; fileRef = AB7EF5791B0C564900C6BA4E /* Account.swift */; };
		AB7EF57C1B0C565B00C6BA4E /* Tweet.swift in Sources */ = {isa = PBXBuildFile; fileRef = AB7EF57B1B0C565B00C6BA4E /* Tweet.swift */; };
		ABA56C7B1B0D345200F5A4C0 /* TweetsViewController.swift in Sources */ = {isa = PBXBuildFile; fileRef = ABA56C7A1B0D345200F5A4C0 /* TweetsViewController.swift */; };
/* End PBXBuildFile section */

/* Begin PBXContainerItemProxy section */
		AB7EF55F1B0C451A00C6BA4E /* PBXContainerItemProxy */ = {
			isa = PBXContainerItemProxy;
			containerPortal = AB7EF5411B0C451A00C6BA4E /* Project object */;
			proxyType = 1;
			remoteGlobalIDString = AB7EF5481B0C451A00C6BA4E;
			remoteInfo = OpenTwitter;
		};
/* End PBXContainerItemProxy section */

/* Begin PBXFileReference section */
		AB11E1B81B0EF4A400006540 /* TweetCell.swift */ = {isa = PBXFileReference; fileEncoding = 4; lastKnownFileType = sourcecode.swift; path = TweetCell.swift; sourceTree = "<group>"; };
		AB11E1BA1B0F08FD00006540 /* README.md */ = {isa = PBXFileReference; fileEncoding = 4; lastKnownFileType = net.daringfireball.markdown; path = README.md; sourceTree = "<group>"; };
		AB2164571B114D4C00F19009 /* DetailViewController.swift */ = {isa = PBXFileReference; fileEncoding = 4; lastKnownFileType = sourcecode.swift; path = DetailViewController.swift; sourceTree = "<group>"; };
		AB2164591B11516900F19009 /* Utils.swift */ = {isa = PBXFileReference; fileEncoding = 4; lastKnownFileType = sourcecode.swift; path = Utils.swift; sourceTree = "<group>"; };
		AB21645F1B11B78D00F19009 /* secrets.plist */ = {isa = PBXFileReference; fileEncoding = 4; lastKnownFileType = text.plist.xml; path = secrets.plist; sourceTree = "<group>"; };
		AB2164611B11B81F00F19009 /* .gitignore */ = {isa = PBXFileReference; fileEncoding = 4; lastKnownFileType = text; path = .gitignore; sourceTree = "<group>"; };
		AB24AA271B19977400C62889 /* ContainerViewController.swift */ = {isa = PBXFileReference; fileEncoding = 4; lastKnownFileType = sourcecode.swift; path = ContainerViewController.swift; sourceTree = "<group>"; };
		AB55FCCF1B1A9FFB0006A56B /* ProfileViewController.swift */ = {isa = PBXFileReference; fileEncoding = 4; lastKnownFileType = sourcecode.swift; path = ProfileViewController.swift; sourceTree = "<group>"; };
		AB55FCD11B1AF2520006A56B /* MenuCell.swift */ = {isa = PBXFileReference; fileEncoding = 4; lastKnownFileType = sourcecode.swift; path = MenuCell.swift; sourceTree = "<group>"; };
		AB55FCD31B1AF8290006A56B /* MenuProfileCell.swift */ = {isa = PBXFileReference; fileEncoding = 4; lastKnownFileType = sourcecode.swift; path = MenuProfileCell.swift; sourceTree = "<group>"; };
		AB7127DB1B0FCD1A00D67B78 /* ComposeTweetViewController.swift */ = {isa = PBXFileReference; fileEncoding = 4; lastKnownFileType = sourcecode.swift; path = ComposeTweetViewController.swift; sourceTree = "<group>"; };
		AB7EF5491B0C451A00C6BA4E /* OpenTwitter.app */ = {isa = PBXFileReference; explicitFileType = wrapper.application; includeInIndex = 0; path = OpenTwitter.app; sourceTree = BUILT_PRODUCTS_DIR; };
		AB7EF54D1B0C451A00C6BA4E /* Info.plist */ = {isa = PBXFileReference; lastKnownFileType = text.plist.xml; path = Info.plist; sourceTree = "<group>"; };
		AB7EF54E1B0C451A00C6BA4E /* AppDelegate.swift */ = {isa = PBXFileReference; lastKnownFileType = sourcecode.swift; path = AppDelegate.swift; sourceTree = "<group>"; };
		AB7EF5501B0C451A00C6BA4E /* ViewController.swift */ = {isa = PBXFileReference; lastKnownFileType = sourcecode.swift; path = ViewController.swift; sourceTree = "<group>"; };
		AB7EF5531B0C451A00C6BA4E /* Base */ = {isa = PBXFileReference; lastKnownFileType = file.storyboard; name = Base; path = Base.lproj/Main.storyboard; sourceTree = "<group>"; };
		AB7EF5551B0C451A00C6BA4E /* Images.xcassets */ = {isa = PBXFileReference; lastKnownFileType = folder.assetcatalog; path = Images.xcassets; sourceTree = "<group>"; };
		AB7EF5581B0C451A00C6BA4E /* Base */ = {isa = PBXFileReference; lastKnownFileType = file.xib; name = Base; path = Base.lproj/LaunchScreen.xib; sourceTree = "<group>"; };
		AB7EF55E1B0C451A00C6BA4E /* OpenTwitterTests.xctest */ = {isa = PBXFileReference; explicitFileType = wrapper.cfbundle; includeInIndex = 0; path = OpenTwitterTests.xctest; sourceTree = BUILT_PRODUCTS_DIR; };
		AB7EF5631B0C451A00C6BA4E /* Info.plist */ = {isa = PBXFileReference; lastKnownFileType = text.plist.xml; path = Info.plist; sourceTree = "<group>"; };
		AB7EF5641B0C451A00C6BA4E /* OpenTwitterTests.swift */ = {isa = PBXFileReference; lastKnownFileType = sourcecode.swift; path = OpenTwitterTests.swift; sourceTree = "<group>"; };
		AB7EF56E1B0C47AD00C6BA4E /* Cartfile */ = {isa = PBXFileReference; fileEncoding = 4; lastKnownFileType = text; path = Cartfile; sourceTree = "<group>"; };
		AB7EF5701B0C483700C6BA4E /* Alamofire.framework */ = {isa = PBXFileReference; lastKnownFileType = wrapper.framework; name = Alamofire.framework; path = Carthage/Build/iOS/Alamofire.framework; sourceTree = "<group>"; };
		AB7EF5711B0C483700C6BA4E /* OAuthSwift.framework */ = {isa = PBXFileReference; lastKnownFileType = wrapper.framework; name = OAuthSwift.framework; path = Carthage/Build/iOS/OAuthSwift.framework; sourceTree = "<group>"; };
		AB7EF5761B0C48E800C6BA4E /* TwitterClient.swift */ = {isa = PBXFileReference; fileEncoding = 4; lastKnownFileType = sourcecode.swift; path = TwitterClient.swift; sourceTree = "<group>"; };
		AB7EF5791B0C564900C6BA4E /* Account.swift */ = {isa = PBXFileReference; fileEncoding = 4; lastKnownFileType = sourcecode.swift; path = Account.swift; sourceTree = "<group>"; };
		AB7EF57B1B0C565B00C6BA4E /* Tweet.swift */ = {isa = PBXFileReference; fileEncoding = 4; lastKnownFileType = sourcecode.swift; path = Tweet.swift; sourceTree = "<group>"; };
		ABA56C7A1B0D345200F5A4C0 /* TweetsViewController.swift */ = {isa = PBXFileReference; fileEncoding = 4; lastKnownFileType = sourcecode.swift; path = TweetsViewController.swift; sourceTree = "<group>"; };
		ABBCEA901B12E11100CDF368 /* demo.gif */ = {isa = PBXFileReference; lastKnownFileType = image.gif; path = demo.gif; sourceTree = "<group>"; };
/* End PBXFileReference section */

/* Begin PBXFrameworksBuildPhase section */
		AB7EF5461B0C451A00C6BA4E /* Frameworks */ = {
			isa = PBXFrameworksBuildPhase;
			buildActionMask = 2147483647;
			files = (
				AB7EF5721B0C483700C6BA4E /* Alamofire.framework in Frameworks */,
				AB7EF5731B0C483700C6BA4E /* OAuthSwift.framework in Frameworks */,
			);
			runOnlyForDeploymentPostprocessing = 0;
		};
		AB7EF55B1B0C451A00C6BA4E /* Frameworks */ = {
			isa = PBXFrameworksBuildPhase;
			buildActionMask = 2147483647;
			files = (
			);
			runOnlyForDeploymentPostprocessing = 0;
		};
/* End PBXFrameworksBuildPhase section */

/* Begin PBXGroup section */
		AB7EF5401B0C451A00C6BA4E = {
			isa = PBXGroup;
			children = (
				ABBCEA901B12E11100CDF368 /* demo.gif */,
				AB2164611B11B81F00F19009 /* .gitignore */,
				AB11E1BA1B0F08FD00006540 /* README.md */,
				AB7EF5701B0C483700C6BA4E /* Alamofire.framework */,
				AB7EF5711B0C483700C6BA4E /* OAuthSwift.framework */,
				AB7EF56E1B0C47AD00C6BA4E /* Cartfile */,
				AB7EF54B1B0C451A00C6BA4E /* OpenTwitter */,
				AB7EF5611B0C451A00C6BA4E /* OpenTwitterTests */,
				AB7EF54A1B0C451A00C6BA4E /* Products */,
			);
			sourceTree = "<group>";
		};
		AB7EF54A1B0C451A00C6BA4E /* Products */ = {
			isa = PBXGroup;
			children = (
				AB7EF5491B0C451A00C6BA4E /* OpenTwitter.app */,
				AB7EF55E1B0C451A00C6BA4E /* OpenTwitterTests.xctest */,
			);
			name = Products;
			sourceTree = "<group>";
		};
		AB7EF54B1B0C451A00C6BA4E /* OpenTwitter */ = {
			isa = PBXGroup;
			children = (
				ABA56C791B0D343500F5A4C0 /* View Controllers */,
				AB7EF5781B0C562C00C6BA4E /* Models */,
				AB7EF5751B0C48CF00C6BA4E /* API */,
				AB7EF54E1B0C451A00C6BA4E /* AppDelegate.swift */,
				AB7EF5521B0C451A00C6BA4E /* Main.storyboard */,
				AB7EF5551B0C451A00C6BA4E /* Images.xcassets */,
				AB7EF5571B0C451A00C6BA4E /* LaunchScreen.xib */,
				AB7EF54C1B0C451A00C6BA4E /* Supporting Files */,
				AB2164591B11516900F19009 /* Utils.swift */,
			);
			path = OpenTwitter;
			sourceTree = "<group>";
		};
		AB7EF54C1B0C451A00C6BA4E /* Supporting Files */ = {
			isa = PBXGroup;
			children = (
				AB7EF54D1B0C451A00C6BA4E /* Info.plist */,
				AB21645F1B11B78D00F19009 /* secrets.plist */,
			);
			name = "Supporting Files";
			sourceTree = "<group>";
		};
		AB7EF5611B0C451A00C6BA4E /* OpenTwitterTests */ = {
			isa = PBXGroup;
			children = (
				AB7EF5641B0C451A00C6BA4E /* OpenTwitterTests.swift */,
				AB7EF5621B0C451A00C6BA4E /* Supporting Files */,
			);
			path = OpenTwitterTests;
			sourceTree = "<group>";
		};
		AB7EF5621B0C451A00C6BA4E /* Supporting Files */ = {
			isa = PBXGroup;
			children = (
				AB7EF5631B0C451A00C6BA4E /* Info.plist */,
			);
			name = "Supporting Files";
			sourceTree = "<group>";
		};
		AB7EF5751B0C48CF00C6BA4E /* API */ = {
			isa = PBXGroup;
			children = (
				AB7EF5761B0C48E800C6BA4E /* TwitterClient.swift */,
			);
			name = API;
			sourceTree = "<group>";
		};
		AB7EF5781B0C562C00C6BA4E /* Models */ = {
			isa = PBXGroup;
			children = (
				AB7EF5791B0C564900C6BA4E /* Account.swift */,
				AB7EF57B1B0C565B00C6BA4E /* Tweet.swift */,
			);
			name = Models;
			sourceTree = "<group>";
		};
		ABA56C791B0D343500F5A4C0 /* View Controllers */ = {
			isa = PBXGroup;
			children = (
				AB11E1B81B0EF4A400006540 /* TweetCell.swift */,
				AB7EF5501B0C451A00C6BA4E /* ViewController.swift */,
				ABA56C7A1B0D345200F5A4C0 /* TweetsViewController.swift */,
				AB7127DB1B0FCD1A00D67B78 /* ComposeTweetViewController.swift */,
				AB2164571B114D4C00F19009 /* DetailViewController.swift */,
				AB24AA271B19977400C62889 /* ContainerViewController.swift */,
				AB55FCCF1B1A9FFB0006A56B /* ProfileViewController.swift */,
				AB55FCD11B1AF2520006A56B /* MenuCell.swift */,
				AB55FCD31B1AF8290006A56B /* MenuProfileCell.swift */,
			);
			name = "View Controllers";
			sourceTree = "<group>";
		};
/* End PBXGroup section */

/* Begin PBXNativeTarget section */
		AB7EF5481B0C451A00C6BA4E /* OpenTwitter */ = {
			isa = PBXNativeTarget;
			buildConfigurationList = AB7EF5681B0C451A00C6BA4E /* Build configuration list for PBXNativeTarget "OpenTwitter" */;
			buildPhases = (
				AB7EF5451B0C451A00C6BA4E /* Sources */,
				AB7EF5461B0C451A00C6BA4E /* Frameworks */,
				AB7EF5471B0C451A00C6BA4E /* Resources */,
				AB7EF5741B0C484D00C6BA4E /* ShellScript */,
			);
			buildRules = (
			);
			dependencies = (
			);
			name = OpenTwitter;
			productName = OpenTwitter;
			productReference = AB7EF5491B0C451A00C6BA4E /* OpenTwitter.app */;
			productType = "com.apple.product-type.application";
		};
		AB7EF55D1B0C451A00C6BA4E /* OpenTwitterTests */ = {
			isa = PBXNativeTarget;
			buildConfigurationList = AB7EF56B1B0C451A00C6BA4E /* Build configuration list for PBXNativeTarget "OpenTwitterTests" */;
			buildPhases = (
				AB7EF55A1B0C451A00C6BA4E /* Sources */,
				AB7EF55B1B0C451A00C6BA4E /* Frameworks */,
				AB7EF55C1B0C451A00C6BA4E /* Resources */,
			);
			buildRules = (
			);
			dependencies = (
				AB7EF5601B0C451A00C6BA4E /* PBXTargetDependency */,
			);
			name = OpenTwitterTests;
			productName = OpenTwitterTests;
			productReference = AB7EF55E1B0C451A00C6BA4E /* OpenTwitterTests.xctest */;
			productType = "com.apple.product-type.bundle.unit-test";
		};
/* End PBXNativeTarget section */

/* Begin PBXProject section */
		AB7EF5411B0C451A00C6BA4E /* Project object */ = {
			isa = PBXProject;
			attributes = {
				LastUpgradeCheck = 0630;
				ORGANIZATIONNAME = "Benjamin Tsai";
				TargetAttributes = {
					AB7EF5481B0C451A00C6BA4E = {
						CreatedOnToolsVersion = 6.3.1;
					};
					AB7EF55D1B0C451A00C6BA4E = {
						CreatedOnToolsVersion = 6.3.1;
						TestTargetID = AB7EF5481B0C451A00C6BA4E;
					};
				};
			};
			buildConfigurationList = AB7EF5441B0C451A00C6BA4E /* Build configuration list for PBXProject "OpenTwitter" */;
			compatibilityVersion = "Xcode 3.2";
			developmentRegion = English;
			hasScannedForEncodings = 0;
			knownRegions = (
				en,
				Base,
			);
			mainGroup = AB7EF5401B0C451A00C6BA4E;
			productRefGroup = AB7EF54A1B0C451A00C6BA4E /* Products */;
			projectDirPath = "";
			projectRoot = "";
			targets = (
				AB7EF5481B0C451A00C6BA4E /* OpenTwitter */,
				AB7EF55D1B0C451A00C6BA4E /* OpenTwitterTests */,
			);
		};
/* End PBXProject section */

/* Begin PBXResourcesBuildPhase section */
		AB7EF5471B0C451A00C6BA4E /* Resources */ = {
			isa = PBXResourcesBuildPhase;
			buildActionMask = 2147483647;
			files = (
				AB7EF5541B0C451A00C6BA4E /* Main.storyboard in Resources */,
				AB7EF5591B0C451A00C6BA4E /* LaunchScreen.xib in Resources */,
				AB2164601B11B78D00F19009 /* secrets.plist in Resources */,
				AB7EF5561B0C451A00C6BA4E /* Images.xcassets in Resources */,
			);
			runOnlyForDeploymentPostprocessing = 0;
		};
		AB7EF55C1B0C451A00C6BA4E /* Resources */ = {
			isa = PBXResourcesBuildPhase;
			buildActionMask = 2147483647;
			files = (
			);
			runOnlyForDeploymentPostprocessing = 0;
		};
/* End PBXResourcesBuildPhase section */

/* Begin PBXShellScriptBuildPhase section */
		AB7EF5741B0C484D00C6BA4E /* ShellScript */ = {
			isa = PBXShellScriptBuildPhase;
			buildActionMask = 2147483647;
			files = (
			);
			inputPaths = (
				"$(SRCROOT)/Carthage/Build/iOS/Alamofire.framework",
				"$(SRCROOT)/Carthage/Build/iOS/OAuthSwift.framework",
			);
			outputPaths = (
			);
			runOnlyForDeploymentPostprocessing = 0;
			shellPath = /bin/sh;
			shellScript = "/usr/local/bin/carthage copy-frameworks";
		};
/* End PBXShellScriptBuildPhase section */

/* Begin PBXSourcesBuildPhase section */
		AB7EF5451B0C451A00C6BA4E /* Sources */ = {
			isa = PBXSourcesBuildPhase;
			buildActionMask = 2147483647;
			files = (
				AB7127DC1B0FCD1A00D67B78 /* ComposeTweetViewController.swift in Sources */,
				AB7EF5511B0C451A00C6BA4E /* ViewController.swift in Sources */,
				AB11E1B91B0EF4A400006540 /* TweetCell.swift in Sources */,
				AB24AA281B19977400C62889 /* ContainerViewController.swift in Sources */,
				AB7EF57C1B0C565B00C6BA4E /* Tweet.swift in Sources */,
				AB7EF57A1B0C564900C6BA4E /* Account.swift in Sources */,
				AB55FCD01B1A9FFB0006A56B /* ProfileViewController.swift in Sources */,
				AB7EF5771B0C48E800C6BA4E /* TwitterClient.swift in Sources */,
				AB7EF54F1B0C451A00C6BA4E /* AppDelegate.swift in Sources */,
				AB21645A1B11516900F19009 /* Utils.swift in Sources */,
				AB2164581B114D4C00F19009 /* DetailViewController.swift in Sources */,
				AB55FCD21B1AF2520006A56B /* MenuCell.swift in Sources */,
				AB55FCD41B1AF8290006A56B /* MenuProfileCell.swift in Sources */,
				ABA56C7B1B0D345200F5A4C0 /* TweetsViewController.swift in Sources */,
			);
			runOnlyForDeploymentPostprocessing = 0;
		};
		AB7EF55A1B0C451A00C6BA4E /* Sources */ = {
			isa = PBXSourcesBuildPhase;
			buildActionMask = 2147483647;
			files = (
				AB7EF5651B0C451A00C6BA4E /* OpenTwitterTests.swift in Sources */,
			);
			runOnlyForDeploymentPostprocessing = 0;
		};
/* End PBXSourcesBuildPhase section */

/* Begin PBXTargetDependency section */
		AB7EF5601B0C451A00C6BA4E /* PBXTargetDependency */ = {
			isa = PBXTargetDependency;
			target = AB7EF5481B0C451A00C6BA4E /* OpenTwitter */;
			targetProxy = AB7EF55F1B0C451A00C6BA4E /* PBXContainerItemProxy */;
		};
/* End PBXTargetDependency section */

/* Begin PBXVariantGroup section */
		AB7EF5521B0C451A00C6BA4E /* Main.storyboard */ = {
			isa = PBXVariantGroup;
			children = (
				AB7EF5531B0C451A00C6BA4E /* Base */,
			);
			name = Main.storyboard;
			sourceTree = "<group>";
		};
		AB7EF5571B0C451A00C6BA4E /* LaunchScreen.xib */ = {
			isa = PBXVariantGroup;
			children = (
				AB7EF5581B0C451A00C6BA4E /* Base */,
			);
			name = LaunchScreen.xib;
			sourceTree = "<group>";
		};
/* End PBXVariantGroup section */

/* Begin XCBuildConfiguration section */
		AB7EF5661B0C451A00C6BA4E /* Debug */ = {
			isa = XCBuildConfiguration;
			buildSettings = {
				ALWAYS_SEARCH_USER_PATHS = NO;
				CLANG_CXX_LANGUAGE_STANDARD = "gnu++0x";
				CLANG_CXX_LIBRARY = "libc++";
				CLANG_ENABLE_MODULES = YES;
				CLANG_ENABLE_OBJC_ARC = YES;
				CLANG_WARN_BOOL_CONVERSION = YES;
				CLANG_WARN_CONSTANT_CONVERSION = YES;
				CLANG_WARN_DIRECT_OBJC_ISA_USAGE = YES_ERROR;
				CLANG_WARN_EMPTY_BODY = YES;
				CLANG_WARN_ENUM_CONVERSION = YES;
				CLANG_WARN_INT_CONVERSION = YES;
				CLANG_WARN_OBJC_ROOT_CLASS = YES_ERROR;
				CLANG_WARN_UNREACHABLE_CODE = YES;
				CLANG_WARN__DUPLICATE_METHOD_MATCH = YES;
				"CODE_SIGN_IDENTITY[sdk=iphoneos*]" = "iPhone Developer";
				COPY_PHASE_STRIP = NO;
				DEBUG_INFORMATION_FORMAT = "dwarf-with-dsym";
				ENABLE_STRICT_OBJC_MSGSEND = YES;
				GCC_C_LANGUAGE_STANDARD = gnu99;
				GCC_DYNAMIC_NO_PIC = NO;
				GCC_NO_COMMON_BLOCKS = YES;
				GCC_OPTIMIZATION_LEVEL = 0;
				GCC_PREPROCESSOR_DEFINITIONS = (
					"DEBUG=1",
					"$(inherited)",
				);
				GCC_SYMBOLS_PRIVATE_EXTERN = NO;
				GCC_WARN_64_TO_32_BIT_CONVERSION = YES;
				GCC_WARN_ABOUT_RETURN_TYPE = YES_ERROR;
				GCC_WARN_UNDECLARED_SELECTOR = YES;
				GCC_WARN_UNINITIALIZED_AUTOS = YES_AGGRESSIVE;
				GCC_WARN_UNUSED_FUNCTION = YES;
				GCC_WARN_UNUSED_VARIABLE = YES;
				IPHONEOS_DEPLOYMENT_TARGET = 8.3;
				MTL_ENABLE_DEBUG_INFO = YES;
				ONLY_ACTIVE_ARCH = YES;
				SDKROOT = iphoneos;
				SWIFT_OPTIMIZATION_LEVEL = "-Onone";
			};
			name = Debug;
		};
		AB7EF5671B0C451A00C6BA4E /* Release */ = {
			isa = XCBuildConfiguration;
			buildSettings = {
				ALWAYS_SEARCH_USER_PATHS = NO;
				CLANG_CXX_LANGUAGE_STANDARD = "gnu++0x";
				CLANG_CXX_LIBRARY = "libc++";
				CLANG_ENABLE_MODULES = YES;
				CLANG_ENABLE_OBJC_ARC = YES;
				CLANG_WARN_BOOL_CONVERSION = YES;
				CLANG_WARN_CONSTANT_CONVERSION = YES;
				CLANG_WARN_DIRECT_OBJC_ISA_USAGE = YES_ERROR;
				CLANG_WARN_EMPTY_BODY = YES;
				CLANG_WARN_ENUM_CONVERSION = YES;
				CLANG_WARN_INT_CONVERSION = YES;
				CLANG_WARN_OBJC_ROOT_CLASS = YES_ERROR;
				CLANG_WARN_UNREACHABLE_CODE = YES;
				CLANG_WARN__DUPLICATE_METHOD_MATCH = YES;
				"CODE_SIGN_IDENTITY[sdk=iphoneos*]" = "iPhone Developer";
				COPY_PHASE_STRIP = NO;
				DEBUG_INFORMATION_FORMAT = "dwarf-with-dsym";
				ENABLE_NS_ASSERTIONS = NO;
				ENABLE_STRICT_OBJC_MSGSEND = YES;
				GCC_C_LANGUAGE_STANDARD = gnu99;
				GCC_NO_COMMON_BLOCKS = YES;
				GCC_WARN_64_TO_32_BIT_CONVERSION = YES;
				GCC_WARN_ABOUT_RETURN_TYPE = YES_ERROR;
				GCC_WARN_UNDECLARED_SELECTOR = YES;
				GCC_WARN_UNINITIALIZED_AUTOS = YES_AGGRESSIVE;
				GCC_WARN_UNUSED_FUNCTION = YES;
				GCC_WARN_UNUSED_VARIABLE = YES;
				IPHONEOS_DEPLOYMENT_TARGET = 8.3;
				MTL_ENABLE_DEBUG_INFO = NO;
				SDKROOT = iphoneos;
				VALIDATE_PRODUCT = YES;
			};
			name = Release;
		};
		AB7EF5691B0C451A00C6BA4E /* Debug */ = {
			isa = XCBuildConfiguration;
			buildSettings = {
				ASSETCATALOG_COMPILER_APPICON_NAME = AppIcon;
				FRAMEWORK_SEARCH_PATHS = (
					"$(inherited)",
					"$(PROJECT_DIR)/Carthage/Build/iOS",
				);
				INFOPLIST_FILE = OpenTwitter/Info.plist;
				LD_RUNPATH_SEARCH_PATHS = "$(inherited) @executable_path/Frameworks";
				PRODUCT_NAME = "$(TARGET_NAME)";
			};
			name = Debug;
		};
		AB7EF56A1B0C451A00C6BA4E /* Release */ = {
			isa = XCBuildConfiguration;
			buildSettings = {
				ASSETCATALOG_COMPILER_APPICON_NAME = AppIcon;
				FRAMEWORK_SEARCH_PATHS = (
					"$(inherited)",
					"$(PROJECT_DIR)/Carthage/Build/iOS",
				);
				INFOPLIST_FILE = OpenTwitter/Info.plist;
				LD_RUNPATH_SEARCH_PATHS = "$(inherited) @executable_path/Frameworks";
				PRODUCT_NAME = "$(TARGET_NAME)";
			};
			name = Release;
		};
		AB7EF56C1B0C451A00C6BA4E /* Debug */ = {
			isa = XCBuildConfiguration;
			buildSettings = {
				BUNDLE_LOADER = "$(TEST_HOST)";
				FRAMEWORK_SEARCH_PATHS = (
					"$(SDKROOT)/Developer/Library/Frameworks",
					"$(inherited)",
				);
				GCC_PREPROCESSOR_DEFINITIONS = (
					"DEBUG=1",
					"$(inherited)",
				);
				INFOPLIST_FILE = OpenTwitterTests/Info.plist;
				LD_RUNPATH_SEARCH_PATHS = "$(inherited) @executable_path/Frameworks @loader_path/Frameworks";
				PRODUCT_NAME = "$(TARGET_NAME)";
				TEST_HOST = "$(BUILT_PRODUCTS_DIR)/OpenTwitter.app/OpenTwitter";
			};
			name = Debug;
		};
		AB7EF56D1B0C451A00C6BA4E /* Release */ = {
			isa = XCBuildConfiguration;
			buildSettings = {
				BUNDLE_LOADER = "$(TEST_HOST)";
				FRAMEWORK_SEARCH_PATHS = (
					"$(SDKROOT)/Developer/Library/Frameworks",
					"$(inherited)",
				);
				INFOPLIST_FILE = OpenTwitterTests/Info.plist;
				LD_RUNPATH_SEARCH_PATHS = "$(inherited) @executable_path/Frameworks @loader_path/Frameworks";
				PRODUCT_NAME = "$(TARGET_NAME)";
				TEST_HOST = "$(BUILT_PRODUCTS_DIR)/OpenTwitter.app/OpenTwitter";
			};
			name = Release;
		};
/* End XCBuildConfiguration section */

/* Begin XCConfigurationList section */
		AB7EF5441B0C451A00C6BA4E /* Build configuration list for PBXProject "OpenTwitter" */ = {
			isa = XCConfigurationList;
			buildConfigurations = (
				AB7EF5661B0C451A00C6BA4E /* Debug */,
				AB7EF5671B0C451A00C6BA4E /* Release */,
			);
			defaultConfigurationIsVisible = 0;
			defaultConfigurationName = Release;
		};
		AB7EF5681B0C451A00C6BA4E /* Build configuration list for PBXNativeTarget "OpenTwitter" */ = {
			isa = XCConfigurationList;
			buildConfigurations = (
				AB7EF5691B0C451A00C6BA4E /* Debug */,
				AB7EF56A1B0C451A00C6BA4E /* Release */,
			);
			defaultConfigurationIsVisible = 0;
			defaultConfigurationName = Release;
		};
		AB7EF56B1B0C451A00C6BA4E /* Build configuration list for PBXNativeTarget "OpenTwitterTests" */ = {
			isa = XCConfigurationList;
			buildConfigurations = (
				AB7EF56C1B0C451A00C6BA4E /* Debug */,
				AB7EF56D1B0C451A00C6BA4E /* Release */,
			);
			defaultConfigurationIsVisible = 0;
			defaultConfigurationName = Release;
		};
/* End XCConfigurationList section */
	};
	rootObject = AB7EF5411B0C451A00C6BA4E /* Project object */;
}
